// !$*UTF8*$!
{
	archiveVersion = 1;
	classes = {
	};
	objectVersion = 51;
	objects = {

/* Begin PBXBuildFile section */
		090C3C58883E5D94A69DF7F0 /* Pods_TGSlopesSlack.framework in Frameworks */ = {isa = PBXBuildFile; fileRef = 07E62F6394F8F79A16D2C219 /* Pods_TGSlopesSlack.framework */; };
		2B02869E230E9DDF00141C97 /* system.swift in Sources */ = {isa = PBXBuildFile; fileRef = 2B02869D230E9DDF00141C97 /* system.swift */; };
		2B26982A230BC7F300CDE3AC /* AppDelegate.swift in Sources */ = {isa = PBXBuildFile; fileRef = 2B269829230BC7F300CDE3AC /* AppDelegate.swift */; };
		2B26982C230BC7F400CDE3AC /* Assets.xcassets in Resources */ = {isa = PBXBuildFile; fileRef = 2B26982B230BC7F400CDE3AC /* Assets.xcassets */; };
		2B26982F230BC7F400CDE3AC /* MainMenu.xib in Resources */ = {isa = PBXBuildFile; fileRef = 2B26982D230BC7F400CDE3AC /* MainMenu.xib */; };
		2B26983A230BC83200CDE3AC /* MainWindowController.swift in Sources */ = {isa = PBXBuildFile; fileRef = 2B269838230BC83200CDE3AC /* MainWindowController.swift */; };
		2B269845230BC96400CDE3AC /* SwiftSignalKitMac.framework in Frameworks */ = {isa = PBXBuildFile; fileRef = 2B269844230BC96400CDE3AC /* SwiftSignalKitMac.framework */; };
		2B269847230BC96400CDE3AC /* TGUIKit.framework in Frameworks */ = {isa = PBXBuildFile; fileRef = 2B269846230BC96400CDE3AC /* TGUIKit.framework */; };
		2B269849230BCC7300CDE3AC /* ToolBarViewController.swift in Sources */ = {isa = PBXBuildFile; fileRef = 2B269848230BCC7300CDE3AC /* ToolBarViewController.swift */; };
		2B26984E230BD4F200CDE3AC /* ChannelViewController.swift in Sources */ = {isa = PBXBuildFile; fileRef = 2B26984D230BD4F200CDE3AC /* ChannelViewController.swift */; };
		2B269850230BD50700CDE3AC /* ChatViewController.swift in Sources */ = {isa = PBXBuildFile; fileRef = 2B26984F230BD50700CDE3AC /* ChatViewController.swift */; };
		2B26985A230BD7E100CDE3AC /* SlackCore.framework in Frameworks */ = {isa = PBXBuildFile; fileRef = 2B269859230BD7E100CDE3AC /* SlackCore.framework */; };
		2B26987E230D341C00CDE3AC /* ProfileLoginViewController.swift in Sources */ = {isa = PBXBuildFile; fileRef = 2B26987D230D341C00CDE3AC /* ProfileLoginViewController.swift */; };
		2B32945E230E629C008BA0E0 /* ControllerExtension.swift in Sources */ = {isa = PBXBuildFile; fileRef = 2B32945D230E629C008BA0E0 /* ControllerExtension.swift */; };
/* End PBXBuildFile section */

/* Begin PBXFileReference section */
		07E62F6394F8F79A16D2C219 /* Pods_TGSlopesSlack.framework */ = {isa = PBXFileReference; explicitFileType = wrapper.framework; includeInIndex = 0; path = Pods_TGSlopesSlack.framework; sourceTree = BUILT_PRODUCTS_DIR; };
		2B02869D230E9DDF00141C97 /* system.swift */ = {isa = PBXFileReference; lastKnownFileType = sourcecode.swift; path = system.swift; sourceTree = "<group>"; };
		2B269826230BC7F300CDE3AC /* TGSlopesSlack.app */ = {isa = PBXFileReference; explicitFileType = wrapper.application; includeInIndex = 0; path = TGSlopesSlack.app; sourceTree = BUILT_PRODUCTS_DIR; };
		2B269829230BC7F300CDE3AC /* AppDelegate.swift */ = {isa = PBXFileReference; lastKnownFileType = sourcecode.swift; path = AppDelegate.swift; sourceTree = "<group>"; };
		2B26982B230BC7F400CDE3AC /* Assets.xcassets */ = {isa = PBXFileReference; lastKnownFileType = folder.assetcatalog; path = Assets.xcassets; sourceTree = "<group>"; };
		2B26982E230BC7F400CDE3AC /* Base */ = {isa = PBXFileReference; lastKnownFileType = file.xib; name = Base; path = Base.lproj/MainMenu.xib; sourceTree = "<group>"; };
		2B269830230BC7F400CDE3AC /* Info.plist */ = {isa = PBXFileReference; lastKnownFileType = text.plist.xml; path = Info.plist; sourceTree = "<group>"; };
		2B269831230BC7F400CDE3AC /* TGSlopesSlack.entitlements */ = {isa = PBXFileReference; lastKnownFileType = text.plist.entitlements; path = TGSlopesSlack.entitlements; sourceTree = "<group>"; };
		2B269838230BC83200CDE3AC /* MainWindowController.swift */ = {isa = PBXFileReference; lastKnownFileType = sourcecode.swift; path = MainWindowController.swift; sourceTree = "<group>"; };
		2B269844230BC96400CDE3AC /* SwiftSignalKitMac.framework */ = {isa = PBXFileReference; explicitFileType = wrapper.framework; path = SwiftSignalKitMac.framework; sourceTree = BUILT_PRODUCTS_DIR; };
		2B269846230BC96400CDE3AC /* TGUIKit.framework */ = {isa = PBXFileReference; explicitFileType = wrapper.framework; path = TGUIKit.framework; sourceTree = BUILT_PRODUCTS_DIR; };
		2B269848230BCC7300CDE3AC /* ToolBarViewController.swift */ = {isa = PBXFileReference; lastKnownFileType = sourcecode.swift; path = ToolBarViewController.swift; sourceTree = "<group>"; };
		2B26984D230BD4F200CDE3AC /* ChannelViewController.swift */ = {isa = PBXFileReference; lastKnownFileType = sourcecode.swift; path = ChannelViewController.swift; sourceTree = "<group>"; };
		2B26984F230BD50700CDE3AC /* ChatViewController.swift */ = {isa = PBXFileReference; lastKnownFileType = sourcecode.swift; path = ChatViewController.swift; sourceTree = "<group>"; };
		2B269859230BD7E100CDE3AC /* SlackCore.framework */ = {isa = PBXFileReference; explicitFileType = wrapper.framework; path = SlackCore.framework; sourceTree = BUILT_PRODUCTS_DIR; };
		2B26987D230D341C00CDE3AC /* ProfileLoginViewController.swift */ = {isa = PBXFileReference; lastKnownFileType = sourcecode.swift; path = ProfileLoginViewController.swift; sourceTree = "<group>"; };
		2B32945D230E629C008BA0E0 /* ControllerExtension.swift */ = {isa = PBXFileReference; lastKnownFileType = sourcecode.swift; path = ControllerExtension.swift; sourceTree = "<group>"; };
		4FBACDB67532C097DDFFD707 /* Pods-TGSlopesSlack.release.xcconfig */ = {isa = PBXFileReference; includeInIndex = 1; lastKnownFileType = text.xcconfig; name = "Pods-TGSlopesSlack.release.xcconfig"; path = "Target Support Files/Pods-TGSlopesSlack/Pods-TGSlopesSlack.release.xcconfig"; sourceTree = "<group>"; };
		55853F1268380F1475967514 /* Pods-TGSlopesSlack.debug.xcconfig */ = {isa = PBXFileReference; includeInIndex = 1; lastKnownFileType = text.xcconfig; name = "Pods-TGSlopesSlack.debug.xcconfig"; path = "Target Support Files/Pods-TGSlopesSlack/Pods-TGSlopesSlack.debug.xcconfig"; sourceTree = "<group>"; };
/* End PBXFileReference section */

/* Begin PBXFrameworksBuildPhase section */
		2B269823230BC7F300CDE3AC /* Frameworks */ = {
			isa = PBXFrameworksBuildPhase;
			buildActionMask = 2147483647;
			files = (
				2B26985A230BD7E100CDE3AC /* SlackCore.framework in Frameworks */,
				2B269845230BC96400CDE3AC /* SwiftSignalKitMac.framework in Frameworks */,
				2B269847230BC96400CDE3AC /* TGUIKit.framework in Frameworks */,
				090C3C58883E5D94A69DF7F0 /* Pods_TGSlopesSlack.framework in Frameworks */,
			);
			runOnlyForDeploymentPostprocessing = 0;
		};
/* End PBXFrameworksBuildPhase section */

/* Begin PBXGroup section */
		2B02869C230E9DD000141C97 /* utils */ = {
			isa = PBXGroup;
			children = (
				2B02869D230E9DDF00141C97 /* system.swift */,
			);
			path = utils;
			sourceTree = "<group>";
		};
		2B26981D230BC7F300CDE3AC = {
			isa = PBXGroup;
			children = (
				2B269828230BC7F300CDE3AC /* TGSlopesSlack */,
				2B269827230BC7F300CDE3AC /* Products */,
				2B269843230BC96400CDE3AC /* Frameworks */,
				E1708C67764ABE4037E4CFA8 /* Pods */,
			);
			sourceTree = "<group>";
		};
		2B269827230BC7F300CDE3AC /* Products */ = {
			isa = PBXGroup;
			children = (
				2B269826230BC7F300CDE3AC /* TGSlopesSlack.app */,
			);
			name = Products;
			sourceTree = "<group>";
		};
		2B269828230BC7F300CDE3AC /* TGSlopesSlack */ = {
			isa = PBXGroup;
			children = (
				2B02869C230E9DD000141C97 /* utils */,
				2B32945C230E4E75008BA0E0 /* parent-controllers */,
				2B269851230BD68E00CDE3AC /* view */,
				2B26984A230BCEB800CDE3AC /* context */,
				2B269837230BC82000CDE3AC /* controller */,
				2B269829230BC7F300CDE3AC /* AppDelegate.swift */,
				2B26982B230BC7F400CDE3AC /* Assets.xcassets */,
				2B26982D230BC7F400CDE3AC /* MainMenu.xib */,
				2B269830230BC7F400CDE3AC /* Info.plist */,
				2B269831230BC7F400CDE3AC /* TGSlopesSlack.entitlements */,
			);
			path = TGSlopesSlack;
			sourceTree = "<group>";
		};
		2B269837230BC82000CDE3AC /* controller */ = {
			isa = PBXGroup;
			children = (
				2B269838230BC83200CDE3AC /* MainWindowController.swift */,
				2B269848230BCC7300CDE3AC /* ToolBarViewController.swift */,
				2B26984D230BD4F200CDE3AC /* ChannelViewController.swift */,
				2B26984F230BD50700CDE3AC /* ChatViewController.swift */,
			);
			path = controller;
			sourceTree = "<group>";
		};
		2B269843230BC96400CDE3AC /* Frameworks */ = {
			isa = PBXGroup;
			children = (
				2B269859230BD7E100CDE3AC /* SlackCore.framework */,
				2B269844230BC96400CDE3AC /* SwiftSignalKitMac.framework */,
				2B269846230BC96400CDE3AC /* TGUIKit.framework */,
				07E62F6394F8F79A16D2C219 /* Pods_TGSlopesSlack.framework */,
			);
			name = Frameworks;
			sourceTree = "<group>";
		};
		2B26984A230BCEB800CDE3AC /* context */ = {
			isa = PBXGroup;
			children = (
			);
			path = context;
			sourceTree = "<group>";
		};
		2B269851230BD68E00CDE3AC /* view */ = {
			isa = PBXGroup;
			children = (
				2B26987D230D341C00CDE3AC /* ProfileLoginViewController.swift */,
			);
			path = view;
			sourceTree = "<group>";
		};
		2B32945C230E4E75008BA0E0 /* parent-controllers */ = {
			isa = PBXGroup;
			children = (
				2B32945D230E629C008BA0E0 /* ControllerExtension.swift */,
			);
			path = "parent-controllers";
			sourceTree = "<group>";
		};
		E1708C67764ABE4037E4CFA8 /* Pods */ = {
			isa = PBXGroup;
			children = (
				55853F1268380F1475967514 /* Pods-TGSlopesSlack.debug.xcconfig */,
				4FBACDB67532C097DDFFD707 /* Pods-TGSlopesSlack.release.xcconfig */,
			);
			name = Pods;
			path = ../Pods;
			sourceTree = "<group>";
		};
/* End PBXGroup section */

/* Begin PBXNativeTarget section */
		2B269825230BC7F300CDE3AC /* TGSlopesSlack */ = {
			isa = PBXNativeTarget;
			buildConfigurationList = 2B269834230BC7F400CDE3AC /* Build configuration list for PBXNativeTarget "TGSlopesSlack" */;
			buildPhases = (
				C17E442C7F265E3890F90B07 /* [CP] Check Pods Manifest.lock */,
				2B269822230BC7F300CDE3AC /* Sources */,
				2B269823230BC7F300CDE3AC /* Frameworks */,
				2B269824230BC7F300CDE3AC /* Resources */,
				29A17D7D7D4B991639C52DE3 /* [CP] Embed Pods Frameworks */,
			);
			buildRules = (
			);
			dependencies = (
			);
			name = TGSlopesSlack;
			productName = TGSlopesSlack;
			productReference = 2B269826230BC7F300CDE3AC /* TGSlopesSlack.app */;
			productType = "com.apple.product-type.application";
		};
/* End PBXNativeTarget section */

/* Begin PBXProject section */
		2B26981E230BC7F300CDE3AC /* Project object */ = {
			isa = PBXProject;
			attributes = {
				LastSwiftUpdateCheck = 1020;
				LastUpgradeCheck = 1020;
				ORGANIZATIONNAME = Buck;
				TargetAttributes = {
					2B269825230BC7F300CDE3AC = {
						CreatedOnToolsVersion = 10.2.1;
					};
				};
			};
			buildConfigurationList = 2B269821230BC7F300CDE3AC /* Build configuration list for PBXProject "TGSlopesSlack" */;
			compatibilityVersion = "Xcode 9.3";
			developmentRegion = en;
			hasScannedForEncodings = 0;
			knownRegions = (
				en,
				Base,
			);
			mainGroup = 2B26981D230BC7F300CDE3AC;
			productRefGroup = 2B269827230BC7F300CDE3AC /* Products */;
			projectDirPath = "";
			projectRoot = "";
			targets = (
				2B269825230BC7F300CDE3AC /* TGSlopesSlack */,
			);
		};
/* End PBXProject section */

/* Begin PBXResourcesBuildPhase section */
		2B269824230BC7F300CDE3AC /* Resources */ = {
			isa = PBXResourcesBuildPhase;
			buildActionMask = 2147483647;
			files = (
				2B26982C230BC7F400CDE3AC /* Assets.xcassets in Resources */,
				2B26982F230BC7F400CDE3AC /* MainMenu.xib in Resources */,
			);
			runOnlyForDeploymentPostprocessing = 0;
		};
/* End PBXResourcesBuildPhase section */

/* Begin PBXShellScriptBuildPhase section */
		29A17D7D7D4B991639C52DE3 /* [CP] Embed Pods Frameworks */ = {
			isa = PBXShellScriptBuildPhase;
			buildActionMask = 2147483647;
			files = (
			);
			inputFileListPaths = (
				"${PODS_ROOT}/Target Support Files/Pods-TGSlopesSlack/Pods-TGSlopesSlack-frameworks-${CONFIGURATION}-input-files.xcfilelist",
			);
			name = "[CP] Embed Pods Frameworks";
			outputFileListPaths = (
				"${PODS_ROOT}/Target Support Files/Pods-TGSlopesSlack/Pods-TGSlopesSlack-frameworks-${CONFIGURATION}-output-files.xcfilelist",
			);
			runOnlyForDeploymentPostprocessing = 0;
			shellPath = /bin/sh;
			shellScript = "\"${PODS_ROOT}/Target Support Files/Pods-TGSlopesSlack/Pods-TGSlopesSlack-frameworks.sh\"\n";
			showEnvVarsInLog = 0;
		};
		C17E442C7F265E3890F90B07 /* [CP] Check Pods Manifest.lock */ = {
			isa = PBXShellScriptBuildPhase;
			buildActionMask = 2147483647;
			files = (
			);
			inputFileListPaths = (
			);
			inputPaths = (
				"${PODS_PODFILE_DIR_PATH}/Podfile.lock",
				"${PODS_ROOT}/Manifest.lock",
			);
			name = "[CP] Check Pods Manifest.lock";
			outputFileListPaths = (
			);
			outputPaths = (
				"$(DERIVED_FILE_DIR)/Pods-TGSlopesSlack-checkManifestLockResult.txt",
			);
			runOnlyForDeploymentPostprocessing = 0;
			shellPath = /bin/sh;
			shellScript = "diff \"${PODS_PODFILE_DIR_PATH}/Podfile.lock\" \"${PODS_ROOT}/Manifest.lock\" > /dev/null\nif [ $? != 0 ] ; then\n    # print error to STDERR\n    echo \"error: The sandbox is not in sync with the Podfile.lock. Run 'pod install' or update your CocoaPods installation.\" >&2\n    exit 1\nfi\n# This output is used by Xcode 'outputs' to avoid re-running this script phase.\necho \"SUCCESS\" > \"${SCRIPT_OUTPUT_FILE_0}\"\n";
			showEnvVarsInLog = 0;
		};
/* End PBXShellScriptBuildPhase section */

/* Begin PBXSourcesBuildPhase section */
		2B269822230BC7F300CDE3AC /* Sources */ = {
			isa = PBXSourcesBuildPhase;
			buildActionMask = 2147483647;
			files = (
				2B269849230BCC7300CDE3AC /* ToolBarViewController.swift in Sources */,
				2B26983A230BC83200CDE3AC /* MainWindowController.swift in Sources */,
				2B26982A230BC7F300CDE3AC /* AppDelegate.swift in Sources */,
				2B269850230BD50700CDE3AC /* ChatViewController.swift in Sources */,
				2B02869E230E9DDF00141C97 /* system.swift in Sources */,
				2B26987E230D341C00CDE3AC /* ProfileLoginViewController.swift in Sources */,
				2B26984E230BD4F200CDE3AC /* ChannelViewController.swift in Sources */,
				2B32945E230E629C008BA0E0 /* ControllerExtension.swift in Sources */,
			);
			runOnlyForDeploymentPostprocessing = 0;
		};
/* End PBXSourcesBuildPhase section */

/* Begin PBXVariantGroup section */
		2B26982D230BC7F400CDE3AC /* MainMenu.xib */ = {
			isa = PBXVariantGroup;
			children = (
				2B26982E230BC7F400CDE3AC /* Base */,
			);
			name = MainMenu.xib;
			sourceTree = "<group>";
		};
/* End PBXVariantGroup section */

/* Begin XCBuildConfiguration section */
		2B269832230BC7F400CDE3AC /* Debug */ = {
			isa = XCBuildConfiguration;
			buildSettings = {
				ALWAYS_SEARCH_USER_PATHS = NO;
				CLANG_ANALYZER_NONNULL = YES;
				CLANG_ANALYZER_NUMBER_OBJECT_CONVERSION = YES_AGGRESSIVE;
				CLANG_CXX_LANGUAGE_STANDARD = "gnu++14";
				CLANG_CXX_LIBRARY = "libc++";
				CLANG_ENABLE_MODULES = YES;
				CLANG_ENABLE_OBJC_ARC = YES;
				CLANG_ENABLE_OBJC_WEAK = YES;
				CLANG_WARN_BLOCK_CAPTURE_AUTORELEASING = YES;
				CLANG_WARN_BOOL_CONVERSION = YES;
				CLANG_WARN_COMMA = YES;
				CLANG_WARN_CONSTANT_CONVERSION = YES;
				CLANG_WARN_DEPRECATED_OBJC_IMPLEMENTATIONS = YES;
				CLANG_WARN_DIRECT_OBJC_ISA_USAGE = YES_ERROR;
				CLANG_WARN_DOCUMENTATION_COMMENTS = YES;
				CLANG_WARN_EMPTY_BODY = YES;
				CLANG_WARN_ENUM_CONVERSION = YES;
				CLANG_WARN_INFINITE_RECURSION = YES;
				CLANG_WARN_INT_CONVERSION = YES;
				CLANG_WARN_NON_LITERAL_NULL_CONVERSION = YES;
				CLANG_WARN_OBJC_IMPLICIT_RETAIN_SELF = YES;
				CLANG_WARN_OBJC_LITERAL_CONVERSION = YES;
				CLANG_WARN_OBJC_ROOT_CLASS = YES_ERROR;
				CLANG_WARN_RANGE_LOOP_ANALYSIS = YES;
				CLANG_WARN_STRICT_PROTOTYPES = YES;
				CLANG_WARN_SUSPICIOUS_MOVE = YES;
				CLANG_WARN_UNGUARDED_AVAILABILITY = YES_AGGRESSIVE;
				CLANG_WARN_UNREACHABLE_CODE = YES;
				CLANG_WARN__DUPLICATE_METHOD_MATCH = YES;
				CODE_SIGN_IDENTITY = "Mac Developer";
				COPY_PHASE_STRIP = NO;
				DEBUG_INFORMATION_FORMAT = dwarf;
				ENABLE_STRICT_OBJC_MSGSEND = YES;
				ENABLE_TESTABILITY = YES;
				GCC_C_LANGUAGE_STANDARD = gnu11;
				GCC_DYNAMIC_NO_PIC = NO;
				GCC_NO_COMMON_BLOCKS = YES;
				GCC_OPTIMIZATION_LEVEL = 0;
				GCC_PREPROCESSOR_DEFINITIONS = (
					"DEBUG=1",
					"$(inherited)",
				);
				GCC_WARN_64_TO_32_BIT_CONVERSION = YES;
				GCC_WARN_ABOUT_RETURN_TYPE = YES_ERROR;
				GCC_WARN_UNDECLARED_SELECTOR = YES;
				GCC_WARN_UNINITIALIZED_AUTOS = YES_AGGRESSIVE;
				GCC_WARN_UNUSED_FUNCTION = YES;
				GCC_WARN_UNUSED_VARIABLE = YES;
				MACOSX_DEPLOYMENT_TARGET = 10.14;
				MTL_ENABLE_DEBUG_INFO = INCLUDE_SOURCE;
				MTL_FAST_MATH = YES;
				ONLY_ACTIVE_ARCH = YES;
				SDKROOT = macosx;
				SWIFT_ACTIVE_COMPILATION_CONDITIONS = DEBUG;
				SWIFT_OPTIMIZATION_LEVEL = "-Onone";
			};
			name = Debug;
		};
		2B269833230BC7F400CDE3AC /* Release */ = {
			isa = XCBuildConfiguration;
			buildSettings = {
				ALWAYS_SEARCH_USER_PATHS = NO;
				CLANG_ANALYZER_NONNULL = YES;
				CLANG_ANALYZER_NUMBER_OBJECT_CONVERSION = YES_AGGRESSIVE;
				CLANG_CXX_LANGUAGE_STANDARD = "gnu++14";
				CLANG_CXX_LIBRARY = "libc++";
				CLANG_ENABLE_MODULES = YES;
				CLANG_ENABLE_OBJC_ARC = YES;
				CLANG_ENABLE_OBJC_WEAK = YES;
				CLANG_WARN_BLOCK_CAPTURE_AUTORELEASING = YES;
				CLANG_WARN_BOOL_CONVERSION = YES;
				CLANG_WARN_COMMA = YES;
				CLANG_WARN_CONSTANT_CONVERSION = YES;
				CLANG_WARN_DEPRECATED_OBJC_IMPLEMENTATIONS = YES;
				CLANG_WARN_DIRECT_OBJC_ISA_USAGE = YES_ERROR;
				CLANG_WARN_DOCUMENTATION_COMMENTS = YES;
				CLANG_WARN_EMPTY_BODY = YES;
				CLANG_WARN_ENUM_CONVERSION = YES;
				CLANG_WARN_INFINITE_RECURSION = YES;
				CLANG_WARN_INT_CONVERSION = YES;
				CLANG_WARN_NON_LITERAL_NULL_CONVERSION = YES;
				CLANG_WARN_OBJC_IMPLICIT_RETAIN_SELF = YES;
				CLANG_WARN_OBJC_LITERAL_CONVERSION = YES;
				CLANG_WARN_OBJC_ROOT_CLASS = YES_ERROR;
				CLANG_WARN_RANGE_LOOP_ANALYSIS = YES;
				CLANG_WARN_STRICT_PROTOTYPES = YES;
				CLANG_WARN_SUSPICIOUS_MOVE = YES;
				CLANG_WARN_UNGUARDED_AVAILABILITY = YES_AGGRESSIVE;
				CLANG_WARN_UNREACHABLE_CODE = YES;
				CLANG_WARN__DUPLICATE_METHOD_MATCH = YES;
				CODE_SIGN_IDENTITY = "Mac Developer";
				COPY_PHASE_STRIP = NO;
				DEBUG_INFORMATION_FORMAT = "dwarf-with-dsym";
				ENABLE_NS_ASSERTIONS = NO;
				ENABLE_STRICT_OBJC_MSGSEND = YES;
				GCC_C_LANGUAGE_STANDARD = gnu11;
				GCC_NO_COMMON_BLOCKS = YES;
				GCC_WARN_64_TO_32_BIT_CONVERSION = YES;
				GCC_WARN_ABOUT_RETURN_TYPE = YES_ERROR;
				GCC_WARN_UNDECLARED_SELECTOR = YES;
				GCC_WARN_UNINITIALIZED_AUTOS = YES_AGGRESSIVE;
				GCC_WARN_UNUSED_FUNCTION = YES;
				GCC_WARN_UNUSED_VARIABLE = YES;
				MACOSX_DEPLOYMENT_TARGET = 10.14;
				MTL_ENABLE_DEBUG_INFO = NO;
				MTL_FAST_MATH = YES;
				SDKROOT = macosx;
				SWIFT_COMPILATION_MODE = wholemodule;
				SWIFT_OPTIMIZATION_LEVEL = "-O";
			};
			name = Release;
		};
		2B269835230BC7F400CDE3AC /* Debug */ = {
			isa = XCBuildConfiguration;
			baseConfigurationReference = 55853F1268380F1475967514 /* Pods-TGSlopesSlack.debug.xcconfig */;
			buildSettings = {
				ASSETCATALOG_COMPILER_APPICON_NAME = AppIcon;
				CODE_SIGN_ENTITLEMENTS = TGSlopesSlack/TGSlopesSlack.entitlements;
				CODE_SIGN_STYLE = Automatic;
				COMBINE_HIDPI_IMAGES = YES;
				DEVELOPMENT_TEAM = AM292KQK2W;
				INFOPLIST_FILE = TGSlopesSlack/Info.plist;
				LD_RUNPATH_SEARCH_PATHS = (
					"$(inherited)",
					"@executable_path/../Frameworks",
				);
				PRODUCT_BUNDLE_IDENTIFIER = com.macostutorial.buck.TGSlopesSlack;
				PRODUCT_NAME = "$(TARGET_NAME)";
				SWIFT_VERSION = 5.0;
			};
			name = Debug;
		};
		2B269836230BC7F400CDE3AC /* Release */ = {
			isa = XCBuildConfiguration;
			baseConfigurationReference = 4FBACDB67532C097DDFFD707 /* Pods-TGSlopesSlack.release.xcconfig */;
			buildSettings = {
				ASSETCATALOG_COMPILER_APPICON_NAME = AppIcon;
				CODE_SIGN_ENTITLEMENTS = TGSlopesSlack/TGSlopesSlack.entitlements;
				CODE_SIGN_STYLE = Automatic;
				COMBINE_HIDPI_IMAGES = YES;
				DEVELOPMENT_TEAM = AM292KQK2W;
				INFOPLIST_FILE = TGSlopesSlack/Info.plist;
				LD_RUNPATH_SEARCH_PATHS = (
					"$(inherited)",
					"@executable_path/../Frameworks",
				);
				PRODUCT_BUNDLE_IDENTIFIER = com.macostutorial.buck.TGSlopesSlack;
				PRODUCT_NAME = "$(TARGET_NAME)";
				SWIFT_VERSION = 5.0;
			};
			name = Release;
		};
/* End XCBuildConfiguration section */

/* Begin XCConfigurationList section */
		2B269821230BC7F300CDE3AC /* Build configuration list for PBXProject "TGSlopesSlack" */ = {
			isa = XCConfigurationList;
			buildConfigurations = (
				2B269832230BC7F400CDE3AC /* Debug */,
				2B269833230BC7F400CDE3AC /* Release */,
			);
			defaultConfigurationIsVisible = 0;
			defaultConfigurationName = Release;
		};
		2B269834230BC7F400CDE3AC /* Build configuration list for PBXNativeTarget "TGSlopesSlack" */ = {
			isa = XCConfigurationList;
			buildConfigurations = (
				2B269835230BC7F400CDE3AC /* Debug */,
				2B269836230BC7F400CDE3AC /* Release */,
			);
			defaultConfigurationIsVisible = 0;
			defaultConfigurationName = Release;
		};
/* End XCConfigurationList section */
	};
	rootObject = 2B26981E230BC7F300CDE3AC /* Project object */;
}
